
Microsoft Visual Studio Solution File, Format Version 11.00
# Visual Studio 2010
Project("{FAE04EC0-301F-11D3-BF4B-00C04F79EFBC}") = "Assembly-CSharp", "Assembly-CSharp.csproj", "{3071D4D7-D292-A8D4-AD3A-0EC73769AF1D}"
EndProject
Project("{FAE04EC0-301F-11D3-BF4B-00C04F79EFBC}") = "Assembly-CSharp-Editor", "Assembly-CSharp-Editor.csproj", "{3D2F67D3-4EC7-595F-9537-1A4F6F1606C2}"
EndProject
Global
	GlobalSection(SolutionConfigurationPlatforms) = preSolution
		Debug|Any CPU = Debug|Any CPU
		Release|Any CPU = Release|Any CPU
	EndGlobalSection
	GlobalSection(ProjectConfigurationPlatforms) = postSolution
		{3071D4D7-D292-A8D4-AD3A-0EC73769AF1D}.Debug|Any CPU.ActiveCfg = Debug|Any CPU
		{3071D4D7-D292-A8D4-AD3A-0EC73769AF1D}.Debug|Any CPU.Build.0 = Debug|Any CPU
		{3071D4D7-D292-A8D4-AD3A-0EC73769AF1D}.Release|Any CPU.ActiveCfg = Release|Any CPU
		{3071D4D7-D292-A8D4-AD3A-0EC73769AF1D}.Release|Any CPU.Build.0 = Release|Any CPU
		{3D2F67D3-4EC7-595F-9537-1A4F6F1606C2}.Debug|Any CPU.ActiveCfg = Debug|Any CPU
		{3D2F67D3-4EC7-595F-9537-1A4F6F1606C2}.Debug|Any CPU.Build.0 = Debug|Any CPU
		{3D2F67D3-4EC7-595F-9537-1A4F6F1606C2}.Release|Any CPU.ActiveCfg = Release|Any CPU
		{3D2F67D3-4EC7-595F-9537-1A4F6F1606C2}.Release|Any CPU.Build.0 = Release|Any CPU
	EndGlobalSection
	GlobalSection(SolutionProperties) = preSolution
		HideSolutionNode = FALSE
	EndGlobalSection
	GlobalSection(MonoDevelopProperties) = preSolution
		StartupItem = Assembly-CSharp.csproj
	EndGlobalSection
EndGlobal
